
Microsoft Visual Studio Solution File, Format Version 12.00
# Visual Studio Version 16
VisualStudioVersion = 16.0.31019.35
MinimumVisualStudioVersion = 10.0.40219.1
Project("{FAE04EC0-301F-11D3-BF4B-00C04F79EFBC}") = "DemoWebApp_Book", "DemoWebApp_Book\DemoWebApp_Book.csproj", "{73BDF046-81DC-49F3-A0A3-7B14AF8F4DEA}"
EndProject
Project("{2150E333-8FDC-42A3-9474-1A3956D46DE8}") = "Solution Items", "Solution Items", "{D8843190-54E4-4004-B14C-C8CCBD2E7CAF}"
EndProject
Global
	GlobalSection(SolutionConfigurationPlatforms) = preSolution
		Debug|Any CPU = Debug|Any CPU
		Release|Any CPU = Release|Any CPU
	EndGlobalSection
	GlobalSection(ProjectConfigurationPlatforms) = postSolution
		{73BDF046-81DC-49F3-A0A3-7B14AF8F4DEA}.Debug|Any CPU.ActiveCfg = Debug|Any CPU
		{73BDF046-81DC-49F3-A0A3-7B14AF8F4DEA}.Debug|Any CPU.Build.0 = Debug|Any CPU
		{73BDF046-81DC-49F3-A0A3-7B14AF8F4DEA}.Release|Any CPU.ActiveCfg = Release|Any CPU
		{73BDF046-81DC-49F3-A0A3-7B14AF8F4DEA}.Release|Any CPU.Build.0 = Release|Any CPU
	EndGlobalSection
	GlobalSection(SolutionProperties) = preSolution
		HideSolutionNode = FALSE
	EndGlobalSection
	GlobalSection(ExtensibilityGlobals) = postSolution
		SolutionGuid = {A116628E-8ECC-41FF-9888-FC16854A1A02}
	EndGlobalSection
EndGlobal
